
Microsoft Visual Studio Solution File, Format Version 12.00
# Visual Studio Version 16
VisualStudioVersion = 16.0.30128.74
MinimumVisualStudioVersion = 10.0.40219.1
Project("{8BC9CEB8-8B4A-11D0-8D11-00A0C91BC942}") = "MCQS", "MCQS.vcxproj", "{856DA4B6-9211-4BF9-9308-0FEE7E161315}"
EndProject
Global
	GlobalSection(SolutionConfigurationPlatforms) = preSolution
		Debug|x64 = Debug|x64
		Debug|x86 = Debug|x86
		Release|x64 = Release|x64
		Release|x86 = Release|x86
	EndGlobalSection
	GlobalSection(ProjectConfigurationPlatforms) = postSolution
		{856DA4B6-9211-4BF9-9308-0FEE7E161315}.Debug|x64.ActiveCfg = Debug|x64
		{856DA4B6-9211-4BF9-9308-0FEE7E161315}.Debug|x64.Build.0 = Debug|x64
		{856DA4B6-9211-4BF9-9308-0FEE7E161315}.Debug|x86.ActiveCfg = Debug|Win32
		{856DA4B6-9211-4BF9-9308-0FEE7E161315}.Debug|x86.Build.0 = Debug|Win32
		{856DA4B6-9211-4BF9-9308-0FEE7E161315}.Release|x64.ActiveCfg = Release|x64
		{856DA4B6-9211-4BF9-9308-0FEE7E161315}.Release|x64.Build.0 = Release|x64
		{856DA4B6-9211-4BF9-9308-0FEE7E161315}.Release|x86.ActiveCfg = Release|Win32
		{856DA4B6-9211-4BF9-9308-0FEE7E161315}.Release|x86.Build.0 = Release|Win32
	EndGlobalSection
	GlobalSection(SolutionProperties) = preSolution
		HideSolutionNode = FALSE
	EndGlobalSection
	GlobalSection(ExtensibilityGlobals) = postSolution
		SolutionGuid = {57B19376-70C3-4718-9D49-26B2A9886BF7}
	EndGlobalSection
EndGlobal
